{
	archiveVersion = 1;
	classes = {
	};
	objectVersion = 77;
	objects = {

/* Begin PBXContainerItemProxy section */
		CC77610A2CFA870E00ACA862 /* PBXContainerItemProxy */ = {
			isa = PBXContainerItemProxy;
			containerPortal = CC7760ED2CFA870E00ACA862 /* Project object */;
			proxyType = 1;
			remoteGlobalIDString = CC7760F42CFA870E00ACA862;
			remoteInfo = "Let's Go";
		};
		CC7761142CFA870E00ACA862 /* PBXContainerItemProxy */ = {
			isa = PBXContainerItemProxy;
			containerPortal = CC7760ED2CFA870E00ACA862 /* Project object */;
			proxyType = 1;
			remoteGlobalIDString = CC7760F42CFA870E00ACA862;
			remoteInfo = "Let's Go";
		};
		CCC519262CFAD11900526A69 /* PBXContainerItemProxy */ = {
			isa = PBXContainerItemProxy;
			containerPortal = CC7760ED2CFA870E00ACA862 /* Project object */;
			proxyType = 1;
			remoteGlobalIDString = CC7761082CFA870E00ACA862;
			remoteInfo = "Let's GoTests";
		};
/* End PBXContainerItemProxy section */

/* Begin PBXFileReference section */
		CC7760F52CFA870E00ACA862 /* Let's Go.app */ = {isa = PBXFileReference; explicitFileType = wrapper.application; includeInIndex = 0; path = "Let's Go.app"; sourceTree = BUILT_PRODUCTS_DIR; };
		CC7761092CFA870E00ACA862 /* Let's GoTests.xctest */ = {isa = PBXFileReference; explicitFileType = wrapper.cfbundle; includeInIndex = 0; path = "Let's GoTests.xctest"; sourceTree = BUILT_PRODUCTS_DIR; };
		CC7761132CFA870E00ACA862 /* Let's GoUITests.xctest */ = {isa = PBXFileReference; explicitFileType = wrapper.cfbundle; includeInIndex = 0; path = "Let's GoUITests.xctest"; sourceTree = BUILT_PRODUCTS_DIR; };
/* End PBXFileReference section */

/* Begin PBXFileSystemSynchronizedBuildFileExceptionSet section */
		CC6163FA2CFAC3AE0038F9AE /* Exceptions for "Let's GoTests" folder in "Let's Go" target */ = {
			isa = PBXFileSystemSynchronizedBuildFileExceptionSet;
			membershipExceptions = (
				Let_s_GoTests.swift,
			);
			target = CC7760F42CFA870E00ACA862 /* Let's Go */;
		};
		CC6163FC2CFAC3B50038F9AE /* Exceptions for "Let's GoUITests" folder in "Let's Go" target */ = {
			isa = PBXFileSystemSynchronizedBuildFileExceptionSet;
			membershipExceptions = (
				Let_s_GoUITests.swift,
				Let_s_GoUITestsLaunchTests.swift,
			);
			target = CC7760F42CFA870E00ACA862 /* Let's Go */;
		};
/* End PBXFileSystemSynchronizedBuildFileExceptionSet section */

/* Begin PBXFileSystemSynchronizedRootGroup section */
		CC7760F72CFA870E00ACA862 /* Let's Go */ = {
			isa = PBXFileSystemSynchronizedRootGroup;
			path = "Let's Go";
			sourceTree = "<group>";
		};
		CC77610C2CFA870E00ACA862 /* Let's GoTests */ = {
			isa = PBXFileSystemSynchronizedRootGroup;
			exceptions = (
				CC6163FA2CFAC3AE0038F9AE /* Exceptions for "Let's GoTests" folder in "Let's Go" target */,
			);
			path = "Let's GoTests";
			sourceTree = "<group>";
		};
		CC7761162CFA870E00ACA862 /* Let's GoUITests */ = {
			isa = PBXFileSystemSynchronizedRootGroup;
			exceptions = (
				CC6163FC2CFAC3B50038F9AE /* Exceptions for "Let's GoUITests" folder in "Let's Go" target */,
			);
			path = "Let's GoUITests";
			sourceTree = "<group>";
		};
/* End PBXFileSystemSynchronizedRootGroup section */

/* Begin PBXFrameworksBuildPhase section */
		CC7760F22CFA870E00ACA862 /* Frameworks */ = {
			isa = PBXFrameworksBuildPhase;
			buildActionMask = 2147483647;
			files = (
			);
			runOnlyForDeploymentPostprocessing = 0;
		};
		CC7761062CFA870E00ACA862 /* Frameworks */ = {
			isa = PBXFrameworksBuildPhase;
			buildActionMask = 2147483647;
			files = (
			);
			runOnlyForDeploymentPostprocessing = 0;
		};
		CC7761102CFA870E00ACA862 /* Frameworks */ = {
			isa = PBXFrameworksBuildPhase;
			buildActionMask = 2147483647;
			files = (
			);
			runOnlyForDeploymentPostprocessing = 0;
		};
/* End PBXFrameworksBuildPhase section */

/* Begin PBXGroup section */
		CC7760EC2CFA870E00ACA862 = {
			isa = PBXGroup;
			children = (
				CC7760F72CFA870E00ACA862 /* Let's Go */,
				CC77610C2CFA870E00ACA862 /* Let's GoTests */,
				CC7761162CFA870E00ACA862 /* Let's GoUITests */,
				CC7760F62CFA870E00ACA862 /* Products */,
			);
			sourceTree = "<group>";
		};
		CC7760F62CFA870E00ACA862 /* Products */ = {
			isa = PBXGroup;
			children = (
				CC7760F52CFA870E00ACA862 /* Let's Go.app */,
				CC7761092CFA870E00ACA862 /* Let's GoTests.xctest */,
				CC7761132CFA870E00ACA862 /* Let's GoUITests.xctest */,
			);
			name = Products;
			sourceTree = "<group>";
		};
/* End PBXGroup section */

/* Begin PBXNativeTarget section */
		CC7760F42CFA870E00ACA862 /* Let's Go */ = {
			isa = PBXNativeTarget;
			buildConfigurationList = CC77611C2CFA870E00ACA862 /* Build configuration list for PBXNativeTarget "Let's Go" */;
			buildPhases = (
				CC7760F12CFA870E00ACA862 /* Sources */,
				CC7760F22CFA870E00ACA862 /* Frameworks */,
			);
			buildRules = (
			);
			dependencies = (
				CCC519272CFAD11900526A69 /* PBXTargetDependency */,
			);
			fileSystemSynchronizedGroups = (
				CC7760F72CFA870E00ACA862 /* Let's Go */,
			);
			name = "Let's Go";
			packageProductDependencies = (
			);
			productName = "Let's Go";
			productReference = CC7760F52CFA870E00ACA862 /* Let's Go.app */;
			productType = "com.apple.product-type.application";
		};
		CC7761082CFA870E00ACA862 /* Let's GoTests */ = {
			isa = PBXNativeTarget;
			buildConfigurationList = CC7761212CFA870E00ACA862 /* Build configuration list for PBXNativeTarget "Let's GoTests" */;
			buildPhases = (
				CC7761052CFA870E00ACA862 /* Sources */,
				CC7761062CFA870E00ACA862 /* Frameworks */,
				CC7761072CFA870E00ACA862 /* Resources */,
			);
			buildRules = (
			);
			dependencies = (
				CC77610B2CFA870E00ACA862 /* PBXTargetDependency */,
			);
			fileSystemSynchronizedGroups = (
				CC77610C2CFA870E00ACA862 /* Let's GoTests */,
			);
			name = "Let's GoTests";
			packageProductDependencies = (
			);
			productName = "Let's GoTests";
			productReference = CC7761092CFA870E00ACA862 /* Let's GoTests.xctest */;
			productType = "com.apple.product-type.bundle.unit-test";
		};
		CC7761122CFA870E00ACA862 /* Let's GoUITests */ = {
			isa = PBXNativeTarget;
			buildConfigurationList = CC7761242CFA870E00ACA862 /* Build configuration list for PBXNativeTarget "Let's GoUITests" */;
			buildPhases = (
				CC77610F2CFA870E00ACA862 /* Sources */,
				CC7761102CFA870E00ACA862 /* Frameworks */,
				CC7761112CFA870E00ACA862 /* Resources */,
			);
			buildRules = (
			);
			dependencies = (
				CC7761152CFA870E00ACA862 /* PBXTargetDependency */,
			);
			fileSystemSynchronizedGroups = (
				CC7761162CFA870E00ACA862 /* Let's GoUITests */,
			);
			name = "Let's GoUITests";
			packageProductDependencies = (
			);
			productName = "Let's GoUITests";
			productReference = CC7761132CFA870E00ACA862 /* Let's GoUITests.xctest */;
			productType = "com.apple.product-type.bundle.ui-testing";
		};
/* End PBXNativeTarget section */

/* Begin PBXProject section */
		CC7760ED2CFA870E00ACA862 /* Project object */ = {
			isa = PBXProject;
			attributes = {
				BuildIndependentTargetsInParallel = 1;
				LastSwiftUpdateCheck = 1610;
				LastUpgradeCheck = 1610;
				ORGANIZATIONNAME = "LET'S GO RIDESHARE L.L.C.";
				TargetAttributes = {
					CC7760F42CFA870E00ACA862 = {
						CreatedOnToolsVersion = 16.1;
					};
					CC7761082CFA870E00ACA862 = {
						CreatedOnToolsVersion = 16.1;
						TestTargetID = CC7760F42CFA870E00ACA862;
					};
					CC7761122CFA870E00ACA862 = {
						CreatedOnToolsVersion = 16.1;
						TestTargetID = CC7760F42CFA870E00ACA862;
					};
				};
			};
			buildConfigurationList = CC7760F02CFA870E00ACA862 /* Build configuration list for PBXProject "Let's Go" */;
			developmentRegion = en;
			hasScannedForEncodings = 0;
			knownRegions = (
				en,
				Base,
			);
			mainGroup = CC7760EC2CFA870E00ACA862;
			minimizedProjectReferenceProxies = 1;
			preferredProjectObjectVersion = 77;
			productRefGroup = CC7760F62CFA870E00ACA862 /* Products */;
			projectDirPath = "";
			projectRoot = "";
			targets = (
				CC7760F42CFA870E00ACA862 /* Let's Go */,
				CC7761082CFA870E00ACA862 /* Let's GoTests */,
				CC7761122CFA870E00ACA862 /* Let's GoUITests */,
			);
		};
/* End PBXProject section */

/* Begin PBXResourcesBuildPhase section */
		CC7761072CFA870E00ACA862 /* Resources */ = {
			isa = PBXResourcesBuildPhase;
			buildActionMask = 2147483647;
			files = (
			);
			runOnlyForDeploymentPostprocessing = 0;
		};
		CC7761112CFA870E00ACA862 /* Resources */ = {
			isa = PBXResourcesBuildPhase;
			buildActionMask = 2147483647;
			files = (
			);
			runOnlyForDeploymentPostprocessing = 0;
		};
/* End PBXResourcesBuildPhase section */

/* Begin PBXSourcesBuildPhase section */
		CC7760F12CFA870E00ACA862 /* Sources */ = {
			isa = PBXSourcesBuildPhase;
			buildActionMask = 2147483647;
			files = (
			);
			runOnlyForDeploymentPostprocessing = 0;
		};
		CC7761052CFA870E00ACA862 /* Sources */ = {
			isa = PBXSourcesBuildPhase;
			buildActionMask = 2147483647;
			files = (
			);
			runOnlyForDeploymentPostprocessing = 0;
		};
		CC77610F2CFA870E00ACA862 /* Sources */ = {
			isa = PBXSourcesBuildPhase;
			buildActionMask = 2147483647;
			files = (
			);
			runOnlyForDeploymentPostprocessing = 0;
		};
/* End PBXSourcesBuildPhase section */

/* Begin PBXTargetDependency section */
		CC77610B2CFA870E00ACA862 /* PBXTargetDependency */ = {
			isa = PBXTargetDependency;
			target = CC7760F42CFA870E00ACA862 /* Let's Go */;
			targetProxy = CC77610A2CFA870E00ACA862 /* PBXContainerItemProxy */;
		};
		CC7761152CFA870E00ACA862 /* PBXTargetDependency */ = {
			isa = PBXTargetDependency;
			target = CC7760F42CFA870E00ACA862 /* Let's Go */;
			targetProxy = CC7761142CFA870E00ACA862 /* PBXContainerItemProxy */;
		};
		CCC519272CFAD11900526A69 /* PBXTargetDependency */ = {
			isa = PBXTargetDependency;
			target = CC7761082CFA870E00ACA862 /* Let's GoTests */;
			targetProxy = CCC519262CFAD11900526A69 /* PBXContainerItemProxy */;
		};
/* End PBXTargetDependency section */

/* Begin XCBuildConfiguration section */
		CC77611D2CFA870E00ACA862 /* Debug */ = {
			isa = XCBuildConfiguration;
			buildSettings = {
				ASSETCATALOG_COMPILER_APPICON_NAME = AppIcon;
				ASSETCATALOG_COMPILER_GLOBAL_ACCENT_COLOR_NAME = AccentColor;
				CODE_SIGN_ENTITLEMENTS = "Let's Go/Let_s_Go.entitlements";
				CODE_SIGN_STYLE = Automatic;
				CURRENT_PROJECT_VERSION = 1;
				DEVELOPMENT_ASSET_PATHS = "\"Let's Go/Preview Content\"";
				DEVELOPMENT_TEAM = KZGA7UZTN8;
				ENABLE_HARDENED_RUNTIME = YES;
				ENABLE_PREVIEWS = YES;
				GENERATE_INFOPLIST_FILE = YES;
				INFOPLIST_FILE = "Let's Go/Info.plist";
				INFOPLIST_KEY_CFBundleDisplayName = "Let's Go";
				INFOPLIST_KEY_LSApplicationCategoryType = "public.app-category.travel";
				"INFOPLIST_KEY_UIApplicationSceneManifest_Generation[sdk=iphoneos*]" = YES;
				"INFOPLIST_KEY_UIApplicationSceneManifest_Generation[sdk=iphonesimulator*]" = YES;
				"INFOPLIST_KEY_UIApplicationSupportsIndirectInputEvents[sdk=iphoneos*]" = YES;
				"INFOPLIST_KEY_UIApplicationSupportsIndirectInputEvents[sdk=iphonesimulator*]" = YES;
				"INFOPLIST_KEY_UILaunchScreen_Generation[sdk=iphoneos*]" = YES;
				"INFOPLIST_KEY_UILaunchScreen_Generation[sdk=iphonesimulator*]" = YES;
				"INFOPLIST_KEY_UIStatusBarStyle[sdk=iphoneos*]" = UIStatusBarStyleDefault;
				"INFOPLIST_KEY_UIStatusBarStyle[sdk=iphonesimulator*]" = UIStatusBarStyleDefault;
				INFOPLIST_KEY_UISupportedInterfaceOrientations = "UIInterfaceOrientationLandscapeLeft UIInterfaceOrientationLandscapeRight UIInterfaceOrientationPortrait UIInterfaceOrientationPortraitUpsideDown";
				IPHONEOS_DEPLOYMENT_TARGET = 18.1;
				LD_RUNPATH_SEARCH_PATHS = "@executable_path/Frameworks";
				"LD_RUNPATH_SEARCH_PATHS[sdk=macosx*]" = "@executable_path/../Frameworks";
				MACOSX_DEPLOYMENT_TARGET = 14.0;
				MARKETING_VERSION = 1.0;
				PRODUCT_BUNDLE_IDENTIFIER = "com.letsgorsllc.Let-s-Go.Let-s-Go";
				PRODUCT_NAME = "$(TARGET_NAME)";
				SDKROOT = auto;
				SUPPORTED_PLATFORMS = "iphoneos iphonesimulator";
				SUPPORTS_MACCATALYST = NO;
				SWIFT_EMIT_LOC_STRINGS = YES;
				SWIFT_VERSION = 5.0;
				TARGETED_DEVICE_FAMILY = "1,2";
				XROS_DEPLOYMENT_TARGET = 2.1;
			};
			name = Debug;
		};
		CC77611E2CFA870E00ACA862 /* Release */ = {
			isa = XCBuildConfiguration;
			buildSettings = {
				ASSETCATALOG_COMPILER_APPICON_NAME = AppIcon;
				ASSETCATALOG_COMPILER_GLOBAL_ACCENT_COLOR_NAME = AccentColor;
				CODE_SIGN_ENTITLEMENTS = "Let's Go/Let_s_Go.entitlements";
				CODE_SIGN_STYLE = Automatic;
				CURRENT_PROJECT_VERSION = 1;
				DEVELOPMENT_ASSET_PATHS = "\"Let's Go/Preview Content\"";
				DEVELOPMENT_TEAM = KZGA7UZTN8;
				ENABLE_HARDENED_RUNTIME = YES;
				ENABLE_PREVIEWS = YES;
				GENERATE_INFOPLIST_FILE = YES;
				INFOPLIST_FILE = "Let's Go/Info.plist";
				INFOPLIST_KEY_CFBundleDisplayName = "Let's Go";
				INFOPLIST_KEY_LSApplicationCategoryType = "public.app-category.travel";
				"INFOPLIST_KEY_UIApplicationSceneManifest_Generation[sdk=iphoneos*]" = YES;
				"INFOPLIST_KEY_UIApplicationSceneManifest_Generation[sdk=iphonesimulator*]" = YES;
				"INFOPLIST_KEY_UIApplicationSupportsIndirectInputEvents[sdk=iphoneos*]" = YES;
				"INFOPLIST_KEY_UIApplicationSupportsIndirectInputEvents[sdk=iphonesimulator*]" = YES;
				"INFOPLIST_KEY_UILaunchScreen_Generation[sdk=iphoneos*]" = YES;
				"INFOPLIST_KEY_UILaunchScreen_Generation[sdk=iphonesimulator*]" = YES;
				"INFOPLIST_KEY_UIStatusBarStyle[sdk=iphoneos*]" = UIStatusBarStyleDefault;
				"INFOPLIST_KEY_UIStatusBarStyle[sdk=iphonesimulator*]" = UIStatusBarStyleDefault;
				INFOPLIST_KEY_UISupportedInterfaceOrientations = "UIInterfaceOrientationLandscapeLeft UIInterfaceOrientationLandscapeRight UIInterfaceOrientationPortrait UIInterfaceOrientationPortraitUpsideDown";
				IPHONEOS_DEPLOYMENT_TARGET = 18.1;
				LD_RUNPATH_SEARCH_PATHS = "@executable_path/Frameworks";
				"LD_RUNPATH_SEARCH_PATHS[sdk=macosx*]" = "@executable_path/../Frameworks";
				MACOSX_DEPLOYMENT_TARGET = 14.0;
				MARKETING_VERSION = 1.0;
				PRODUCT_BUNDLE_IDENTIFIER = "com.letsgorsllc.Let-s-Go.Let-s-Go";
				PRODUCT_NAME = "$(TARGET_NAME)";
				SDKROOT = auto;
				SUPPORTED_PLATFORMS = "iphoneos iphonesimulator";
				SUPPORTS_MACCATALYST = NO;
				SWIFT_EMIT_LOC_STRINGS = YES;
				SWIFT_VERSION = 5.0;
				TARGETED_DEVICE_FAMILY = "1,2";
				XROS_DEPLOYMENT_TARGET = 2.1;
			};
			name = Release;
		};
		CC77611F2CFA870E00ACA862 /* Debug */ = {
			isa = XCBuildConfiguration;
			buildSettings = {
				ALWAYS_SEARCH_USER_PATHS = NO;
				ASSETCATALOG_COMPILER_GENERATE_SWIFT_ASSET_SYMBOL_EXTENSIONS = YES;
				CLANG_ANALYZER_NONNULL = YES;
				CLANG_ANALYZER_NUMBER_OBJECT_CONVERSION = YES_AGGRESSIVE;
				CLANG_CXX_LANGUAGE_STANDARD = "gnu++20";
				CLANG_ENABLE_MODULES = YES;
				CLANG_ENABLE_OBJC_ARC = YES;
				CLANG_ENABLE_OBJC_WEAK = YES;
				CLANG_WARN_BLOCK_CAPTURE_AUTORELEASING = YES;
				CLANG_WARN_BOOL_CONVERSION = YES;
				CLANG_WARN_COMMA = YES;
				CLANG_WARN_CONSTANT_CONVERSION = YES;
				CLANG_WARN_DEPRECATED_OBJC_IMPLEMENTATIONS = YES;
				CLANG_WARN_DIRECT_OBJC_ISA_USAGE = YES_ERROR;
				CLANG_WARN_DOCUMENTATION_COMMENTS = YES;
				CLANG_WARN_EMPTY_BODY = YES;
				CLANG_WARN_ENUM_CONVERSION = YES;
				CLANG_WARN_INFINITE_RECURSION = YES;
				CLANG_WARN_INT_CONVERSION = YES;
				CLANG_WARN_NON_LITERAL_NULL_CONVERSION = YES;
				CLANG_WARN_OBJC_IMPLICIT_RETAIN_SELF = YES;
				CLANG_WARN_OBJC_LITERAL_CONVERSION = YES;
				CLANG_WARN_OBJC_ROOT_CLASS = YES_ERROR;
				CLANG_WARN_QUOTED_INCLUDE_IN_FRAMEWORK_HEADER = YES;
				CLANG_WARN_RANGE_LOOP_ANALYSIS = YES;
				CLANG_WARN_STRICT_PROTOTYPES = YES;
				CLANG_WARN_SUSPICIOUS_MOVE = YES;
				CLANG_WARN_UNGUARDED_AVAILABILITY = YES_AGGRESSIVE;
				CLANG_WARN_UNREACHABLE_CODE = YES;
				CLANG_WARN__DUPLICATE_METHOD_MATCH = YES;
				COPY_PHASE_STRIP = NO;
				DEBUG_INFORMATION_FORMAT = dwarf;
				ENABLE_STRICT_OBJC_MSGSEND = YES;
				ENABLE_TESTABILITY = YES;
				ENABLE_USER_SCRIPT_SANDBOXING = YES;
				GCC_C_LANGUAGE_STANDARD = gnu17;
				GCC_DYNAMIC_NO_PIC = NO;
				GCC_NO_COMMON_BLOCKS = YES;
				GCC_OPTIMIZATION_LEVEL = 0;
				GCC_PREPROCESSOR_DEFINITIONS = (
					"DEBUG=1",
					"$(inherited)",
				);
				GCC_WARN_64_TO_32_BIT_CONVERSION = YES;
				GCC_WARN_ABOUT_RETURN_TYPE = YES_ERROR;
				GCC_WARN_UNDECLARED_SELECTOR = YES;
				GCC_WARN_UNINITIALIZED_AUTOS = YES_AGGRESSIVE;
				GCC_WARN_UNUSED_FUNCTION = YES;
				GCC_WARN_UNUSED_VARIABLE = YES;
				LOCALIZATION_PREFERS_STRING_CATALOGS = YES;
				MTL_ENABLE_DEBUG_INFO = INCLUDE_SOURCE;
				MTL_FAST_MATH = YES;
				ONLY_ACTIVE_ARCH = YES;
				SWIFT_ACTIVE_COMPILATION_CONDITIONS = "DEBUG $(inherited)";
				SWIFT_OPTIMIZATION_LEVEL = "-Onone";
			};
			name = Debug;
		};
		CC7761202CFA870E00ACA862 /* Release */ = {
			isa = XCBuildConfiguration;
			buildSettings = {
				ALWAYS_SEARCH_USER_PATHS = NO;
				ASSETCATALOG_COMPILER_GENERATE_SWIFT_ASSET_SYMBOL_EXTENSIONS = YES;
				CLANG_ANALYZER_NONNULL = YES;
				CLANG_ANALYZER_NUMBER_OBJECT_CONVERSION = YES_AGGRESSIVE;
				CLANG_CXX_LANGUAGE_STANDARD = "gnu++20";
				CLANG_ENABLE_MODULES = YES;
				CLANG_ENABLE_OBJC_ARC = YES;
				CLANG_ENABLE_OBJC_WEAK = YES;
				CLANG_WARN_BLOCK_CAPTURE_AUTORELEASING = YES;
				CLANG_WARN_BOOL_CONVERSION = YES;
				CLANG_WARN_COMMA = YES;
				CLANG_WARN_CONSTANT_CONVERSION = YES;
				CLANG_WARN_DEPRECATED_OBJC_IMPLEMENTATIONS = YES;
				CLANG_WARN_DIRECT_OBJC_ISA_USAGE = YES_ERROR;
				CLANG_WARN_DOCUMENTATION_COMMENTS = YES;
				CLANG_WARN_EMPTY_BODY = YES;
				CLANG_WARN_ENUM_CONVERSION = YES;
				CLANG_WARN_INFINITE_RECURSION = YES;
				CLANG_WARN_INT_CONVERSION = YES;
				CLANG_WARN_NON_LITERAL_NULL_CONVERSION = YES;
				CLANG_WARN_OBJC_IMPLICIT_RETAIN_SELF = YES;
				CLANG_WARN_OBJC_LITERAL_CONVERSION = YES;
				CLANG_WARN_OBJC_ROOT_CLASS = YES_ERROR;
				CLANG_WARN_QUOTED_INCLUDE_IN_FRAMEWORK_HEADER = YES;
				CLANG_WARN_RANGE_LOOP_ANALYSIS = YES;
				CLANG_WARN_STRICT_PROTOTYPES = YES;
				CLANG_WARN_SUSPICIOUS_MOVE = YES;
				CLANG_WARN_UNGUARDED_AVAILABILITY = YES_AGGRESSIVE;
				CLANG_WARN_UNREACHABLE_CODE = YES;
				CLANG_WARN__DUPLICATE_METHOD_MATCH = YES;
				COPY_PHASE_STRIP = NO;
				DEBUG_INFORMATION_FORMAT = "dwarf-with-dsym";
				ENABLE_NS_ASSERTIONS = NO;
				ENABLE_STRICT_OBJC_MSGSEND = YES;
				ENABLE_USER_SCRIPT_SANDBOXING = YES;
				GCC_C_LANGUAGE_STANDARD = gnu17;
				GCC_NO_COMMON_BLOCKS = YES;
				GCC_WARN_64_TO_32_BIT_CONVERSION = YES;
				GCC_WARN_ABOUT_RETURN_TYPE = YES_ERROR;
				GCC_WARN_UNDECLARED_SELECTOR = YES;
				GCC_WARN_UNINITIALIZED_AUTOS = YES_AGGRESSIVE;
				GCC_WARN_UNUSED_FUNCTION = YES;
				GCC_WARN_UNUSED_VARIABLE = YES;
				LOCALIZATION_PREFERS_STRING_CATALOGS = YES;
				MTL_ENABLE_DEBUG_INFO = NO;
				MTL_FAST_MATH = YES;
				SWIFT_COMPILATION_MODE = wholemodule;
			};
			name = Release;
		};
		CC7761222CFA870E00ACA862 /* Debug */ = {
			isa = XCBuildConfiguration;
			buildSettings = {
				BUNDLE_LOADER = "$(TEST_HOST)";
				"CODE_SIGN_IDENTITY[sdk=macosx*]" = "-";
				CODE_SIGN_STYLE = Automatic;
				CURRENT_PROJECT_VERSION = 1;
				DEVELOPMENT_TEAM = KZGA7UZTN8;
				GENERATE_INFOPLIST_FILE = YES;
				IPHONEOS_DEPLOYMENT_TARGET = 18.1;
				MACOSX_DEPLOYMENT_TARGET = 15.1;
				MARKETING_VERSION = 1.0;
				PRODUCT_BUNDLE_IDENTIFIER = "com.letsgo.Let-s-GoTests";
				"PRODUCT_BUNDLE_IDENTIFIER[sdk=xros*]" = "com.letsgorsllc.Let-s-Go.Let-s-Go";
				PRODUCT_NAME = "$(TARGET_NAME)";
				SDKROOT = auto;
				SUPPORTED_PLATFORMS = "iphoneos iphonesimulator macosx xros xrsimulator";
				SWIFT_EMIT_LOC_STRINGS = NO;
				SWIFT_VERSION = 5.0;
				TARGETED_DEVICE_FAMILY = "1,2,7";
				TEST_HOST = "$(BUILT_PRODUCTS_DIR)/Let's Go.app/$(BUNDLE_EXECUTABLE_FOLDER_PATH)/Let's Go";
				XROS_DEPLOYMENT_TARGET = 2.1;
			};
			name = Debug;
		};
		CC7761232CFA870E00ACA862 /* Release */ = {
			isa = XCBuildConfiguration;
			buildSettings = {
				BUNDLE_LOADER = "$(TEST_HOST)";
				"CODE_SIGN_IDENTITY[sdk=macosx*]" = "-";
				CODE_SIGN_STYLE = Automatic;
				CURRENT_PROJECT_VERSION = 1;
				DEVELOPMENT_TEAM = KZGA7UZTN8;
				GENERATE_INFOPLIST_FILE = YES;
				IPHONEOS_DEPLOYMENT_TARGET = 18.1;
				MACOSX_DEPLOYMENT_TARGET = 15.1;
				MARKETING_VERSION = 1.0;
				PRODUCT_BUNDLE_IDENTIFIER = "com.letsgo.Let-s-GoTests";
				"PRODUCT_BUNDLE_IDENTIFIER[sdk=xros*]" = "com.letsgorsllc.Let-s-Go.Let-s-Go";
				PRODUCT_NAME = "$(TARGET_NAME)";
				SDKROOT = auto;
				SUPPORTED_PLATFORMS = "iphoneos iphonesimulator macosx xros xrsimulator";
				SWIFT_EMIT_LOC_STRINGS = NO;
				SWIFT_VERSION = 5.0;
				TARGETED_DEVICE_FAMILY = "1,2,7";
				TEST_HOST = "$(BUILT_PRODUCTS_DIR)/Let's Go.app/$(BUNDLE_EXECUTABLE_FOLDER_PATH)/Let's Go";
				XROS_DEPLOYMENT_TARGET = 2.1;
			};
			name = Release;
		};
		CC7761252CFA870E00ACA862 /* Debug */ = {
			isa = XCBuildConfiguration;
			buildSettings = {
				"CODE_SIGN_IDENTITY[sdk=macosx*]" = "Apple Development";
				CODE_SIGN_STYLE = Automatic;
				CURRENT_PROJECT_VERSION = 1;
				DEVELOPMENT_TEAM = KZGA7UZTN8;
				GENERATE_INFOPLIST_FILE = YES;
				IPHONEOS_DEPLOYMENT_TARGET = 18.1;
				MACOSX_DEPLOYMENT_TARGET = 14.0;
				MARKETING_VERSION = 1.0;
				PRODUCT_BUNDLE_IDENTIFIER = "com.letsgorsllc.Let-s-Go.Let-s-Go";
				PRODUCT_NAME = "$(TARGET_NAME)";
				SDKROOT = auto;
				SUPPORTED_PLATFORMS = "iphoneos iphonesimulator macosx xros xrsimulator";
				SWIFT_EMIT_LOC_STRINGS = NO;
				SWIFT_VERSION = 5.0;
				TARGETED_DEVICE_FAMILY = "1,2,7";
				TEST_TARGET_NAME = "Let's Go";
				XROS_DEPLOYMENT_TARGET = 2.1;
			};
			name = Debug;
		};
		CC7761262CFA870E00ACA862 /* Release */ = {
			isa = XCBuildConfiguration;
			buildSettings = {
				"CODE_SIGN_IDENTITY[sdk=macosx*]" = "Apple Development";
				CODE_SIGN_STYLE = Automatic;
				CURRENT_PROJECT_VERSION = 1;
				DEVELOPMENT_TEAM = KZGA7UZTN8;
				GENERATE_INFOPLIST_FILE = YES;
				IPHONEOS_DEPLOYMENT_TARGET = 18.1;
				MACOSX_DEPLOYMENT_TARGET = 14.0;
				MARKETING_VERSION = 1.0;
				PRODUCT_BUNDLE_IDENTIFIER = "com.letsgorsllc.Let-s-Go.Let-s-Go";
				PRODUCT_NAME = "$(TARGET_NAME)";
				SDKROOT = auto;
				SUPPORTED_PLATFORMS = "iphoneos iphonesimulator macosx xros xrsimulator";
				SWIFT_EMIT_LOC_STRINGS = NO;
				SWIFT_VERSION = 5.0;
				TARGETED_DEVICE_FAMILY = "1,2,7";
				TEST_TARGET_NAME = "Let's Go";
				XROS_DEPLOYMENT_TARGET = 2.1;
			};
			name = Release;
		};
/* End XCBuildConfiguration section */

/* Begin XCConfigurationList section */
		CC7760F02CFA870E00ACA862 /* Build configuration list for PBXProject "Let's Go" */ = {
			isa = XCConfigurationList;
			buildConfigurations = (
				CC77611F2CFA870E00ACA862 /* Debug */,
				CC7761202CFA870E00ACA862 /* Release */,
			);
			defaultConfigurationIsVisible = 0;
			defaultConfigurationName = Release;
		};
		CC77611C2CFA870E00ACA862 /* Build configuration list for PBXNativeTarget "Let's Go" */ = {
			isa = XCConfigurationList;
			buildConfigurations = (
				CC77611D2CFA870E00ACA862 /* Debug */,
				CC77611E2CFA870E00ACA862 /* Release */,
			);
			defaultConfigurationIsVisible = 0;
			defaultConfigurationName = Release;
		};
		CC7761212CFA870E00ACA862 /* Build configuration list for PBXNativeTarget "Let's GoTests" */ = {
			isa = XCConfigurationList;
			buildConfigurations = (
				CC7761222CFA870E00ACA862 /* Debug */,
				CC7761232CFA870E00ACA862 /* Release */,
			);
			defaultConfigurationIsVisible = 0;
			defaultConfigurationName = Release;
		};
		CC7761242CFA870E00ACA862 /* Build configuration list for PBXNativeTarget "Let's GoUITests" */ = {
			isa = XCConfigurationList;
			buildConfigurations = (
				CC7761252CFA870E00ACA862 /* Debug */,
				CC7761262CFA870E00ACA862 /* Release */,
			);
			defaultConfigurationIsVisible = 0;
			defaultConfigurationName = Release;
		};
/* End XCConfigurationList section */
	};
	rootObject = CC7760ED2CFA870E00ACA862 /* Project object */;
}
